<?xml version="1.0" encoding="utf-8"?>
<Project ToolsVersion="4.0" xmlns="http://schemas.microsoft.com/developer/msbuild/2003">
  <ItemGroup>
    <Filter Include="Source Files">
      <UniqueIdentifier>{4FC737F1-C7A5-4376-A066-2A32D752A2FF}</UniqueIdentifier>
      <Extensions>cpp;c;cc;cxx;def;odl;idl;hpj;bat;asm;asmx</Extensions>
    </Filter>
    <Filter Include="Header Files">
      <UniqueIdentifier>{93995380-89BD-4b04-88EB-625FBE52EBFB}</UniqueIdentifier>
      <Extensions>h;hpp;hxx;hm;inl;inc;xsd</Extensions>
    </Filter>
    <Filter Include="Resource Files">
      <UniqueIdentifier>{67DA6AB6-F800-4c08-8B7A-83BB121AAD01}</UniqueIdentifier>
      <Extensions>rc;ico;cur;bmp;dlg;rc2;rct;bin;rgs;gif;jpg;jpeg;jpe;resx;tiff;tif;png;wav;mfcribbon-ms</Extensions>
    </Filter>
    <Filter Include="Source Files\render">
      <UniqueIdentifier>{ce061d25-8a9a-44aa-ba52-7161ee7c5e39}</UniqueIdentifier>
    </Filter>
    <Filter Include="Header Files\render">
      <UniqueIdentifier>{bda1b9d5-b180-417d-88f5-aa3d9411b5ed}</UniqueIdentifier>
    </Filter>
    <Filter Include="Header Files\main">
      <UniqueIdentifier>{e5ef9089-c273-4a19-84b2-c8cb46e281d5}</UniqueIdentifier>
    </Filter>
    <Filter Include="Source Files\main">
      <UniqueIdentifier>{13fdcadd-5e2e-4460-ab4c-ec887e51dde6}</UniqueIdentifier>
    </Filter>
    <Filter Include="Header Files\maths">
      <UniqueIdentifier>{c6b0e9aa-0160-4db6-a497-b0bc4468d871}</UniqueIdentifier>
    </Filter>
    <Filter Include="Header Files\physics">
      <UniqueIdentifier>{caece589-acee-4dee-900b-a491c818abb5}</UniqueIdentifier>
    </Filter>
    <Filter Include="Source Files\physics">
      <UniqueIdentifier>{e95d4944-0777-4d53-8af9-f88c4c657e2f}</UniqueIdentifier>
    </Filter>
    <Filter Include="Source Files\maths">
      <UniqueIdentifier>{877f249c-027e-486b-9833-fde1ecdda60c}</UniqueIdentifier>
    </Filter>
    <Filter Include="Header Files\physics\colliders">
      <UniqueIdentifier>{e77b34a5-e75d-46f7-bf83-9d271270ce70}</UniqueIdentifier>
    </Filter>
    <Filter Include="Source Files\physics\colliders">
      <UniqueIdentifier>{402b8bfb-6708-40b6-acff-a28635778615}</UniqueIdentifier>
    </Filter>
  </ItemGroup>
  <ItemGroup>
    <ClCompile Include="..\..\source\render\renderer.cpp">
      <Filter>Source Files\render</Filter>
    </ClCompile>
    <ClCompile Include="..\..\source\main\main.cpp">
      <Filter>Source Files\main</Filter>
    </ClCompile>
    <ClCompile Include="..\..\source\main\app.cpp">
      <Filter>Source Files\main</Filter>
    </ClCompile>
    <ClCompile Include="..\..\source\maths\vector3.cpp">
      <Filter>Source Files\maths</Filter>
    </ClCompile>
    <ClCompile Include="..\..\source\physics\physicsmanager.cpp">
      <Filter>Source Files\physics</Filter>
    </ClCompile>
    <ClCompile Include="..\..\source\render\cubemesh.cpp">
      <Filter>Source Files\render</Filter>
    </ClCompile>
    <ClCompile Include="..\..\source\physics\rigidbody.cpp">
      <Filter>Source Files\physics</Filter>
    </ClCompile>
    <ClCompile Include="..\..\source\physics\collider.cpp">
      <Filter>Source Files\physics\colliders</Filter>
    </ClCompile>
    <ClCompile Include="..\..\source\physics\planecollider.cpp">
      <Filter>Source Files\physics\colliders</Filter>
    </ClCompile>
    <ClCompile Include="..\..\source\physics\aabb.cpp">
      <Filter>Source Files\physics\colliders</Filter>
    </ClCompile>
    <ClCompile Include="..\..\source\maths\quaternion.cpp">
      <Filter>Source Files\maths</Filter>
    </ClCompile>
  </ItemGroup>
  <ItemGroup>
    <ClInclude Include="..\..\source\main\app.h">
      <Filter>Header Files\main</Filter>
    </ClInclude>
    <ClInclude Include="..\..\source\render\renderer.h">
      <Filter>Header Files\render</Filter>
    </ClInclude>
    <ClInclude Include="..\..\source\maths\vector3.h">
      <Filter>Header Files\maths</Filter>
    </ClInclude>
    <ClInclude Include="..\..\source\main\entity.h">
      <Filter>Header Files\main</Filter>
    </ClInclude>
    <ClInclude Include="..\..\source\physics\physicsmanager.h">
      <Filter>Header Files\physics</Filter>
    </ClInclude>
    <ClInclude Include="..\..\source\main\component.h">
      <Filter>Header Files\main</Filter>
    </ClInclude>
    <ClInclude Include="..\..\source\main\manager.h">
      <Filter>Header Files\main</Filter>
    </ClInclude>
    <ClInclude Include="..\..\source\render\cubemesh.h">
      <Filter>Header Files\render</Filter>
    </ClInclude>
    <ClInclude Include="..\..\source\main\transform.h">
      <Filter>Header Files\main</Filter>
    </ClInclude>
    <ClInclude Include="..\..\source\physics\rigidbody.h">
      <Filter>Header Files\physics</Filter>
    </ClInclude>
    <ClInclude Include="..\..\source\physics\contact.h">
      <Filter>Header Files\physics</Filter>
    </ClInclude>
    <ClInclude Include="..\..\source\physics\aabb.h">
      <Filter>Header Files\physics\colliders</Filter>
    </ClInclude>
    <ClInclude Include="..\..\source\physics\collider.h">
      <Filter>Header Files\physics\colliders</Filter>
    </ClInclude>
    <ClInclude Include="..\..\source\physics\planecollider.h">
      <Filter>Header Files\physics\colliders</Filter>
    </ClInclude>
    <ClInclude Include="..\..\source\physics\body.h">
      <Filter>Header Files\physics</Filter>
    </ClInclude>
    <ClInclude Include="..\..\source\maths\quaternion.h">
      <Filter>Header Files\maths</Filter>
    </ClInclude>
  </ItemGroup>
</Project>